// !$*UTF8*$!
{
	archiveVersion = 1;
	classes = {
	};
	objectVersion = 55;
	objects = {

/* Begin PBXBuildFile section */
		56549CB927629EEE008DA82B /* TableCellAccounts.swift in Sources */ = {isa = PBXBuildFile; fileRef = 56549CB827629EEE008DA82B /* TableCellAccounts.swift */; };
		56549CBB27629EFC008DA82B /* TableCellAccounts.xib in Resources */ = {isa = PBXBuildFile; fileRef = 56549CBA27629EFC008DA82B /* TableCellAccounts.xib */; };
		5655FACC275FDC43005C7E76 /* CategoryGain.swift in Sources */ = {isa = PBXBuildFile; fileRef = 5655FAC8275FDC43005C7E76 /* CategoryGain.swift */; };
		5655FACD275FDC43005C7E76 /* CategoryExpense.swift in Sources */ = {isa = PBXBuildFile; fileRef = 5655FAC9275FDC43005C7E76 /* CategoryExpense.swift */; };
		5655FAD1275FF1D6005C7E76 /* CollectionCellExpense.swift in Sources */ = {isa = PBXBuildFile; fileRef = 5655FAD0275FF1D6005C7E76 /* CollectionCellExpense.swift */; };
		5655FAD3275FF1EC005C7E76 /* CollectionCellExpense.xib in Resources */ = {isa = PBXBuildFile; fileRef = 5655FAD2275FF1EC005C7E76 /* CollectionCellExpense.xib */; };
		5659E619275AC9660033BD42 /* MyCellView.swift in Sources */ = {isa = PBXBuildFile; fileRef = 5659E617275AC9660033BD42 /* MyCellView.swift */; };
		5659E61A275AC9660033BD42 /* MyCellView.xib in Resources */ = {isa = PBXBuildFile; fileRef = 5659E618275AC9660033BD42 /* MyCellView.xib */; };
		5659E61F275B7D080033BD42 /* MyCellExpence.swift in Sources */ = {isa = PBXBuildFile; fileRef = 5659E61E275B7D080033BD42 /* MyCellExpence.swift */; };
		5659E621275B7D170033BD42 /* MyCellExpence.xib in Resources */ = {isa = PBXBuildFile; fileRef = 5659E620275B7D170033BD42 /* MyCellExpence.xib */; };
		5659E629275B89370033BD42 /* MyCellGain.swift in Sources */ = {isa = PBXBuildFile; fileRef = 5659E627275B89370033BD42 /* MyCellGain.swift */; };
		5659E62A275B89370033BD42 /* MyCellGain.xib in Resources */ = {isa = PBXBuildFile; fileRef = 5659E628275B89370033BD42 /* MyCellGain.xib */; };
		5659E62C275B8BDA0033BD42 /* MyCellDate.swift in Sources */ = {isa = PBXBuildFile; fileRef = 5659E62B275B8BDA0033BD42 /* MyCellDate.swift */; };
		5659E62E275B8BEF0033BD42 /* MyCellDate.xib in Resources */ = {isa = PBXBuildFile; fileRef = 5659E62D275B8BEF0033BD42 /* MyCellDate.xib */; };
		5659E644275B9C430033BD42 /* Gains.swift in Sources */ = {isa = PBXBuildFile; fileRef = 5659E63E275B9C430033BD42 /* Gains.swift */; };
		5659E645275B9C430033BD42 /* Accounts.swift in Sources */ = {isa = PBXBuildFile; fileRef = 5659E63F275B9C430033BD42 /* Accounts.swift */; };
		5659E648275B9C430033BD42 /* Expenses.swift in Sources */ = {isa = PBXBuildFile; fileRef = 5659E642275B9C430033BD42 /* Expenses.swift */; };
		5659E64C275BAD2D0033BD42 /* MenuPage.storyboard in Resources */ = {isa = PBXBuildFile; fileRef = 5659E649275BAD2D0033BD42 /* MenuPage.storyboard */; };
		5659E64D275BAD2D0033BD42 /* MenuPagePresenter.swift in Sources */ = {isa = PBXBuildFile; fileRef = 5659E64A275BAD2D0033BD42 /* MenuPagePresenter.swift */; };
		5659E64E275BAD2D0033BD42 /* MenuPageViewController.swift in Sources */ = {isa = PBXBuildFile; fileRef = 5659E64B275BAD2D0033BD42 /* MenuPageViewController.swift */; };
		5659E653275BFC810033BD42 /* StaticsPage.storyboard in Resources */ = {isa = PBXBuildFile; fileRef = 5659E650275BFC800033BD42 /* StaticsPage.storyboard */; };
		5659E654275BFC810033BD42 /* StaticsPagePresenter.swift in Sources */ = {isa = PBXBuildFile; fileRef = 5659E651275BFC800033BD42 /* StaticsPagePresenter.swift */; };
		5659E655275BFC810033BD42 /* StaticsPageViewController.swift in Sources */ = {isa = PBXBuildFile; fileRef = 5659E652275BFC800033BD42 /* StaticsPageViewController.swift */; };
		5659E65B275C0C6C0033BD42 /* AccountsPage.storyboard in Resources */ = {isa = PBXBuildFile; fileRef = 5659E658275C0C6C0033BD42 /* AccountsPage.storyboard */; };
		5659E65C275C0C6C0033BD42 /* AccountsPagePresenter.swift in Sources */ = {isa = PBXBuildFile; fileRef = 5659E659275C0C6C0033BD42 /* AccountsPagePresenter.swift */; };
		5659E65D275C0C6C0033BD42 /* AccountsPageViewController.swift in Sources */ = {isa = PBXBuildFile; fileRef = 5659E65A275C0C6C0033BD42 /* AccountsPageViewController.swift */; };
		5659E662275C0D0B0033BD42 /* GainsPage.storyboard in Resources */ = {isa = PBXBuildFile; fileRef = 5659E65F275C0D0B0033BD42 /* GainsPage.storyboard */; };
		5659E663275C0D0B0033BD42 /* GainsPagePresenter.swift in Sources */ = {isa = PBXBuildFile; fileRef = 5659E660275C0D0B0033BD42 /* GainsPagePresenter.swift */; };
		5659E664275C0D0B0033BD42 /* GainsPageViewController.swift in Sources */ = {isa = PBXBuildFile; fileRef = 5659E661275C0D0B0033BD42 /* GainsPageViewController.swift */; };
		5659E669275C0D9C0033BD42 /* ExpensesPage.storyboard in Resources */ = {isa = PBXBuildFile; fileRef = 5659E666275C0D9C0033BD42 /* ExpensesPage.storyboard */; };
		5659E66A275C0D9C0033BD42 /* ExpensesPagePresenter.swift in Sources */ = {isa = PBXBuildFile; fileRef = 5659E667275C0D9C0033BD42 /* ExpensesPagePresenter.swift */; };
		5659E66B275C0D9C0033BD42 /* ExpensesPageViewController.swift in Sources */ = {isa = PBXBuildFile; fileRef = 5659E668275C0D9C0033BD42 /* ExpensesPageViewController.swift */; };
		5659E66E275D57610033BD42 /* TableCellGain.swift in Sources */ = {isa = PBXBuildFile; fileRef = 5659E66D275D57610033BD42 /* TableCellGain.swift */; };
		5659E670275D576E0033BD42 /* TableCellGain.xib in Resources */ = {isa = PBXBuildFile; fileRef = 5659E66F275D576E0033BD42 /* TableCellGain.xib */; };
		56D965C4275A71F4000E8832 /* AppDelegate.swift in Sources */ = {isa = PBXBuildFile; fileRef = 56D965C3275A71F4000E8832 /* AppDelegate.swift */; };
		56D965C6275A71F4000E8832 /* SceneDelegate.swift in Sources */ = {isa = PBXBuildFile; fileRef = 56D965C5275A71F4000E8832 /* SceneDelegate.swift */; };
		56D965CE275A71F4000E8832 /* Finance_Life.xcdatamodeld in Sources */ = {isa = PBXBuildFile; fileRef = 56D965CC275A71F4000E8832 /* Finance_Life.xcdatamodeld */; };
		56D965D0275A71F6000E8832 /* Assets.xcassets in Resources */ = {isa = PBXBuildFile; fileRef = 56D965CF275A71F6000E8832 /* Assets.xcassets */; };
		56D965D3275A71F6000E8832 /* LaunchScreen.storyboard in Resources */ = {isa = PBXBuildFile; fileRef = 56D965D1275A71F6000E8832 /* LaunchScreen.storyboard */; };
		56D965DE275A726F000E8832 /* MainPage.storyboard in Resources */ = {isa = PBXBuildFile; fileRef = 56D965DB275A726F000E8832 /* MainPage.storyboard */; };
		56D965DF275A726F000E8832 /* MainPagePresenter.swift in Sources */ = {isa = PBXBuildFile; fileRef = 56D965DC275A726F000E8832 /* MainPagePresenter.swift */; };
		56D965E0275A726F000E8832 /* MainPageViewController.swift in Sources */ = {isa = PBXBuildFile; fileRef = 56D965DD275A726F000E8832 /* MainPageViewController.swift */; };
		56D965E2275A7374000E8832 /* CoreDataService.swift in Sources */ = {isa = PBXBuildFile; fileRef = 56D965E1275A7374000E8832 /* CoreDataService.swift */; };
		56D965E9275A73D5000E8832 /* View+Extensions.swift in Sources */ = {isa = PBXBuildFile; fileRef = 56D965E5275A73D5000E8832 /* View+Extensions.swift */; };
/* End PBXBuildFile section */

/* Begin PBXFileReference section */
		56549CB827629EEE008DA82B /* TableCellAccounts.swift */ = {isa = PBXFileReference; lastKnownFileType = sourcecode.swift; path = TableCellAccounts.swift; sourceTree = "<group>"; };
		56549CBA27629EFC008DA82B /* TableCellAccounts.xib */ = {isa = PBXFileReference; lastKnownFileType = file.xib; path = TableCellAccounts.xib; sourceTree = "<group>"; };
		5655FAC8275FDC43005C7E76 /* CategoryGain.swift */ = {isa = PBXFileReference; fileEncoding = 4; lastKnownFileType = sourcecode.swift; name = CategoryGain.swift; path = "Finance Life/CategoryGain.swift"; sourceTree = SOURCE_ROOT; };
		5655FAC9275FDC43005C7E76 /* CategoryExpense.swift */ = {isa = PBXFileReference; fileEncoding = 4; lastKnownFileType = sourcecode.swift; name = CategoryExpense.swift; path = "Finance Life/CategoryExpense.swift"; sourceTree = SOURCE_ROOT; };
		5655FAD0275FF1D6005C7E76 /* CollectionCellExpense.swift */ = {isa = PBXFileReference; lastKnownFileType = sourcecode.swift; path = CollectionCellExpense.swift; sourceTree = "<group>"; };
		5655FAD2275FF1EC005C7E76 /* CollectionCellExpense.xib */ = {isa = PBXFileReference; lastKnownFileType = file.xib; path = CollectionCellExpense.xib; sourceTree = "<group>"; };
		5659E617275AC9660033BD42 /* MyCellView.swift */ = {isa = PBXFileReference; fileEncoding = 4; lastKnownFileType = sourcecode.swift; path = MyCellView.swift; sourceTree = "<group>"; };
		5659E618275AC9660033BD42 /* MyCellView.xib */ = {isa = PBXFileReference; fileEncoding = 4; lastKnownFileType = file.xib; path = MyCellView.xib; sourceTree = "<group>"; };
		5659E61E275B7D080033BD42 /* MyCellExpence.swift */ = {isa = PBXFileReference; lastKnownFileType = sourcecode.swift; path = MyCellExpence.swift; sourceTree = "<group>"; };
		5659E620275B7D170033BD42 /* MyCellExpence.xib */ = {isa = PBXFileReference; lastKnownFileType = file.xib; path = MyCellExpence.xib; sourceTree = "<group>"; };
		5659E627275B89370033BD42 /* MyCellGain.swift */ = {isa = PBXFileReference; fileEncoding = 4; lastKnownFileType = sourcecode.swift; path = MyCellGain.swift; sourceTree = "<group>"; };
		5659E628275B89370033BD42 /* MyCellGain.xib */ = {isa = PBXFileReference; fileEncoding = 4; lastKnownFileType = file.xib; path = MyCellGain.xib; sourceTree = "<group>"; };
		5659E62B275B8BDA0033BD42 /* MyCellDate.swift */ = {isa = PBXFileReference; lastKnownFileType = sourcecode.swift; path = MyCellDate.swift; sourceTree = "<group>"; };
		5659E62D275B8BEF0033BD42 /* MyCellDate.xib */ = {isa = PBXFileReference; lastKnownFileType = file.xib; path = MyCellDate.xib; sourceTree = "<group>"; };
		5659E63E275B9C430033BD42 /* Gains.swift */ = {isa = PBXFileReference; fileEncoding = 4; lastKnownFileType = sourcecode.swift; name = Gains.swift; path = "Finance Life/Gains.swift"; sourceTree = SOURCE_ROOT; };
		5659E63F275B9C430033BD42 /* Accounts.swift */ = {isa = PBXFileReference; fileEncoding = 4; lastKnownFileType = sourcecode.swift; name = Accounts.swift; path = "Finance Life/Accounts.swift"; sourceTree = SOURCE_ROOT; };
		5659E642275B9C430033BD42 /* Expenses.swift */ = {isa = PBXFileReference; fileEncoding = 4; lastKnownFileType = sourcecode.swift; name = Expenses.swift; path = "Finance Life/Expenses.swift"; sourceTree = SOURCE_ROOT; };
		5659E649275BAD2D0033BD42 /* MenuPage.storyboard */ = {isa = PBXFileReference; lastKnownFileType = file.storyboard; path = MenuPage.storyboard; sourceTree = "<group>"; };
		5659E64A275BAD2D0033BD42 /* MenuPagePresenter.swift */ = {isa = PBXFileReference; lastKnownFileType = sourcecode.swift; path = MenuPagePresenter.swift; sourceTree = "<group>"; };
		5659E64B275BAD2D0033BD42 /* MenuPageViewController.swift */ = {isa = PBXFileReference; lastKnownFileType = sourcecode.swift; path = MenuPageViewController.swift; sourceTree = "<group>"; };
		5659E650275BFC800033BD42 /* StaticsPage.storyboard */ = {isa = PBXFileReference; lastKnownFileType = file.storyboard; path = StaticsPage.storyboard; sourceTree = "<group>"; };
		5659E651275BFC800033BD42 /* StaticsPagePresenter.swift */ = {isa = PBXFileReference; lastKnownFileType = sourcecode.swift; path = StaticsPagePresenter.swift; sourceTree = "<group>"; };
		5659E652275BFC800033BD42 /* StaticsPageViewController.swift */ = {isa = PBXFileReference; lastKnownFileType = sourcecode.swift; path = StaticsPageViewController.swift; sourceTree = "<group>"; };
		5659E658275C0C6C0033BD42 /* AccountsPage.storyboard */ = {isa = PBXFileReference; lastKnownFileType = file.storyboard; path = AccountsPage.storyboard; sourceTree = "<group>"; };
		5659E659275C0C6C0033BD42 /* AccountsPagePresenter.swift */ = {isa = PBXFileReference; lastKnownFileType = sourcecode.swift; path = AccountsPagePresenter.swift; sourceTree = "<group>"; };
		5659E65A275C0C6C0033BD42 /* AccountsPageViewController.swift */ = {isa = PBXFileReference; lastKnownFileType = sourcecode.swift; path = AccountsPageViewController.swift; sourceTree = "<group>"; };
		5659E65F275C0D0B0033BD42 /* GainsPage.storyboard */ = {isa = PBXFileReference; lastKnownFileType = file.storyboard; path = GainsPage.storyboard; sourceTree = "<group>"; };
		5659E660275C0D0B0033BD42 /* GainsPagePresenter.swift */ = {isa = PBXFileReference; lastKnownFileType = sourcecode.swift; path = GainsPagePresenter.swift; sourceTree = "<group>"; };
		5659E661275C0D0B0033BD42 /* GainsPageViewController.swift */ = {isa = PBXFileReference; lastKnownFileType = sourcecode.swift; path = GainsPageViewController.swift; sourceTree = "<group>"; };
		5659E666275C0D9C0033BD42 /* ExpensesPage.storyboard */ = {isa = PBXFileReference; lastKnownFileType = file.storyboard; path = ExpensesPage.storyboard; sourceTree = "<group>"; };
		5659E667275C0D9C0033BD42 /* ExpensesPagePresenter.swift */ = {isa = PBXFileReference; lastKnownFileType = sourcecode.swift; path = ExpensesPagePresenter.swift; sourceTree = "<group>"; };
		5659E668275C0D9C0033BD42 /* ExpensesPageViewController.swift */ = {isa = PBXFileReference; lastKnownFileType = sourcecode.swift; path = ExpensesPageViewController.swift; sourceTree = "<group>"; };
		5659E66D275D57610033BD42 /* TableCellGain.swift */ = {isa = PBXFileReference; lastKnownFileType = sourcecode.swift; path = TableCellGain.swift; sourceTree = "<group>"; };
		5659E66F275D576E0033BD42 /* TableCellGain.xib */ = {isa = PBXFileReference; lastKnownFileType = file.xib; path = TableCellGain.xib; sourceTree = "<group>"; };
		56D965C0275A71F4000E8832 /* Finance Life.app */ = {isa = PBXFileReference; explicitFileType = wrapper.application; includeInIndex = 0; path = "Finance Life.app"; sourceTree = BUILT_PRODUCTS_DIR; };
		56D965C3275A71F4000E8832 /* AppDelegate.swift */ = {isa = PBXFileReference; lastKnownFileType = sourcecode.swift; path = AppDelegate.swift; sourceTree = "<group>"; };
		56D965C5275A71F4000E8832 /* SceneDelegate.swift */ = {isa = PBXFileReference; lastKnownFileType = sourcecode.swift; path = SceneDelegate.swift; sourceTree = "<group>"; };
		56D965CD275A71F4000E8832 /* Finance_Life.xcdatamodel */ = {isa = PBXFileReference; lastKnownFileType = wrapper.xcdatamodel; path = Finance_Life.xcdatamodel; sourceTree = "<group>"; };
		56D965CF275A71F6000E8832 /* Assets.xcassets */ = {isa = PBXFileReference; lastKnownFileType = folder.assetcatalog; path = Assets.xcassets; sourceTree = "<group>"; };
		56D965D2275A71F6000E8832 /* Base */ = {isa = PBXFileReference; lastKnownFileType = file.storyboard; name = Base; path = Base.lproj/LaunchScreen.storyboard; sourceTree = "<group>"; };
		56D965D4275A71F6000E8832 /* Info.plist */ = {isa = PBXFileReference; lastKnownFileType = text.plist.xml; path = Info.plist; sourceTree = "<group>"; };
		56D965DB275A726F000E8832 /* MainPage.storyboard */ = {isa = PBXFileReference; lastKnownFileType = file.storyboard; path = MainPage.storyboard; sourceTree = "<group>"; };
		56D965DC275A726F000E8832 /* MainPagePresenter.swift */ = {isa = PBXFileReference; lastKnownFileType = sourcecode.swift; path = MainPagePresenter.swift; sourceTree = "<group>"; };
		56D965DD275A726F000E8832 /* MainPageViewController.swift */ = {isa = PBXFileReference; lastKnownFileType = sourcecode.swift; path = MainPageViewController.swift; sourceTree = "<group>"; };
		56D965E1275A7374000E8832 /* CoreDataService.swift */ = {isa = PBXFileReference; fileEncoding = 4; lastKnownFileType = sourcecode.swift; path = CoreDataService.swift; sourceTree = "<group>"; };
		56D965E5275A73D5000E8832 /* View+Extensions.swift */ = {isa = PBXFileReference; fileEncoding = 4; lastKnownFileType = sourcecode.swift; path = "View+Extensions.swift"; sourceTree = "<group>"; };
/* End PBXFileReference section */

/* Begin PBXFrameworksBuildPhase section */
		56D965BD275A71F4000E8832 /* Frameworks */ = {
			isa = PBXFrameworksBuildPhase;
			buildActionMask = 2147483647;
			files = (
			);
			runOnlyForDeploymentPostprocessing = 0;
		};
/* End PBXFrameworksBuildPhase section */

/* Begin PBXGroup section */
		56549CB42762984A008DA82B /* Views */ = {
			isa = PBXGroup;
			children = (
				56D965DA275A722A000E8832 /* MainPage */,
				5659E64F275BAD330033BD42 /* MenuPage */,
				5659E656275BFC8F0033BD42 /* StaticsPage */,
				5659E657275C0C400033BD42 /* AccountsPage */,
				5659E65E275C0CEE0033BD42 /* GainsPage */,
				5659E665275C0D7C0033BD42 /* ExpensesPage */,
			);
			path = Views;
			sourceTree = "<group>";
		};
		56549CB627629E97008DA82B /* CellOnMainPage */ = {
			isa = PBXGroup;
			children = (
				5659E61B275B7B120033BD42 /* MyCellDate */,
				5659E61D275B7CC00033BD42 /* MyCellExpense */,
				5659E616275AC9660033BD42 /* MyCellAccounts */,
				5659E626275B89370033BD42 /* MyCellGain */,
			);
			path = CellOnMainPage;
			sourceTree = "<group>";
		};
		56549CB727629EBB008DA82B /* TableCellAccounts */ = {
			isa = PBXGroup;
			children = (
				56549CB827629EEE008DA82B /* TableCellAccounts.swift */,
				56549CBA27629EFC008DA82B /* TableCellAccounts.xib */,
			);
			path = TableCellAccounts;
			sourceTree = "<group>";
		};
		5655FACF275FF0C9005C7E76 /* TableCellGain */ = {
			isa = PBXGroup;
			children = (
				5659E66D275D57610033BD42 /* TableCellGain.swift */,
				5659E66F275D576E0033BD42 /* TableCellGain.xib */,
			);
			path = TableCellGain;
			sourceTree = "<group>";
		};
		5659E615275AC9660033BD42 /* CellViews */ = {
			isa = PBXGroup;
			children = (
				56549CB627629E97008DA82B /* CellOnMainPage */,
				56549CB727629EBB008DA82B /* TableCellAccounts */,
				5655FACF275FF0C9005C7E76 /* TableCellGain */,
				5659E66C275D57030033BD42 /* CollectionCellExpense */,
			);
			path = CellViews;
			sourceTree = "<group>";
		};
		5659E616275AC9660033BD42 /* MyCellAccounts */ = {
			isa = PBXGroup;
			children = (
				5659E617275AC9660033BD42 /* MyCellView.swift */,
				5659E618275AC9660033BD42 /* MyCellView.xib */,
			);
			path = MyCellAccounts;
			sourceTree = "<group>";
		};
		5659E61B275B7B120033BD42 /* MyCellDate */ = {
			isa = PBXGroup;
			children = (
				5659E62B275B8BDA0033BD42 /* MyCellDate.swift */,
				5659E62D275B8BEF0033BD42 /* MyCellDate.xib */,
			);
			path = MyCellDate;
			sourceTree = "<group>";
		};
		5659E61D275B7CC00033BD42 /* MyCellExpense */ = {
			isa = PBXGroup;
			children = (
				5659E61E275B7D080033BD42 /* MyCellExpence.swift */,
				5659E620275B7D170033BD42 /* MyCellExpence.xib */,
			);
			path = MyCellExpense;
			sourceTree = "<group>";
		};
		5659E626275B89370033BD42 /* MyCellGain */ = {
			isa = PBXGroup;
			children = (
				5659E627275B89370033BD42 /* MyCellGain.swift */,
				5659E628275B89370033BD42 /* MyCellGain.xib */,
			);
			path = MyCellGain;
			sourceTree = "<group>";
		};
		5659E63B275B9C000033BD42 /* Models */ = {
			isa = PBXGroup;
			children = (
				5655FAC9275FDC43005C7E76 /* CategoryExpense.swift */,
				5655FAC8275FDC43005C7E76 /* CategoryGain.swift */,
				5659E63F275B9C430033BD42 /* Accounts.swift */,
				5659E642275B9C430033BD42 /* Expenses.swift */,
				5659E63E275B9C430033BD42 /* Gains.swift */,
			);
			path = Models;
			sourceTree = "<group>";
		};
		5659E64F275BAD330033BD42 /* MenuPage */ = {
			isa = PBXGroup;
			children = (
				5659E649275BAD2D0033BD42 /* MenuPage.storyboard */,
				5659E64A275BAD2D0033BD42 /* MenuPagePresenter.swift */,
				5659E64B275BAD2D0033BD42 /* MenuPageViewController.swift */,
			);
			path = MenuPage;
			sourceTree = "<group>";
		};
		5659E656275BFC8F0033BD42 /* StaticsPage */ = {
			isa = PBXGroup;
			children = (
				5659E650275BFC800033BD42 /* StaticsPage.storyboard */,
				5659E651275BFC800033BD42 /* StaticsPagePresenter.swift */,
				5659E652275BFC800033BD42 /* StaticsPageViewController.swift */,
			);
			name = StaticsPage;
			path = ../..;
			sourceTree = "<group>";
		};
		5659E657275C0C400033BD42 /* AccountsPage */ = {
			isa = PBXGroup;
			children = (
				5659E658275C0C6C0033BD42 /* AccountsPage.storyboard */,
				5659E659275C0C6C0033BD42 /* AccountsPagePresenter.swift */,
				5659E65A275C0C6C0033BD42 /* AccountsPageViewController.swift */,
			);
			path = AccountsPage;
			sourceTree = "<group>";
		};
		5659E65E275C0CEE0033BD42 /* GainsPage */ = {
			isa = PBXGroup;
			children = (
				5659E65F275C0D0B0033BD42 /* GainsPage.storyboard */,
				5659E660275C0D0B0033BD42 /* GainsPagePresenter.swift */,
				5659E661275C0D0B0033BD42 /* GainsPageViewController.swift */,
			);
			path = GainsPage;
			sourceTree = "<group>";
		};
		5659E665275C0D7C0033BD42 /* ExpensesPage */ = {
			isa = PBXGroup;
			children = (
				5659E666275C0D9C0033BD42 /* ExpensesPage.storyboard */,
				5659E667275C0D9C0033BD42 /* ExpensesPagePresenter.swift */,
				5659E668275C0D9C0033BD42 /* ExpensesPageViewController.swift */,
			);
			path = ExpensesPage;
			sourceTree = "<group>";
		};
		5659E66C275D57030033BD42 /* CollectionCellExpense */ = {
			isa = PBXGroup;
			children = (
				5655FAD0275FF1D6005C7E76 /* CollectionCellExpense.swift */,
				5655FAD2275FF1EC005C7E76 /* CollectionCellExpense.xib */,
			);
			path = CollectionCellExpense;
			sourceTree = "<group>";
		};
		56D965B7275A71F4000E8832 = {
			isa = PBXGroup;
			children = (
				56D965C2275A71F4000E8832 /* Finance Life */,
				56D965C1275A71F4000E8832 /* Products */,
			);
			sourceTree = "<group>";
		};
		56D965C1275A71F4000E8832 /* Products */ = {
			isa = PBXGroup;
			children = (
				56D965C0275A71F4000E8832 /* Finance Life.app */,
			);
			name = Products;
			sourceTree = "<group>";
		};
		56D965C2275A71F4000E8832 /* Finance Life */ = {
			isa = PBXGroup;
			children = (
				56D965C3275A71F4000E8832 /* AppDelegate.swift */,
				56D965C5275A71F4000E8832 /* SceneDelegate.swift */,
				56549CB42762984A008DA82B /* Views */,
				5659E63B275B9C000033BD42 /* Models */,
				5659E615275AC9660033BD42 /* CellViews */,
				56D965EC275A7448000E8832 /* Services */,
				56D965D1275A71F6000E8832 /* LaunchScreen.storyboard */,
				56D965CF275A71F6000E8832 /* Assets.xcassets */,
				56D965D4275A71F6000E8832 /* Info.plist */,
				56D965CC275A71F4000E8832 /* Finance_Life.xcdatamodeld */,
				56D965E3275A73D5000E8832 /* Extensions */,
			);
			path = "Finance Life";
			sourceTree = "<group>";
		};
		56D965DA275A722A000E8832 /* MainPage */ = {
			isa = PBXGroup;
			children = (
				56D965DB275A726F000E8832 /* MainPage.storyboard */,
				56D965DC275A726F000E8832 /* MainPagePresenter.swift */,
				56D965DD275A726F000E8832 /* MainPageViewController.swift */,
			);
			path = MainPage;
			sourceTree = "<group>";
		};
		56D965E3275A73D5000E8832 /* Extensions */ = {
			isa = PBXGroup;
			children = (
				56D965E5275A73D5000E8832 /* View+Extensions.swift */,
			);
			path = Extensions;
			sourceTree = "<group>";
		};
		56D965EC275A7448000E8832 /* Services */ = {
			isa = PBXGroup;
			children = (
				56D965E1275A7374000E8832 /* CoreDataService.swift */,
			);
			path = Services;
			sourceTree = "<group>";
		};
/* End PBXGroup section */

/* Begin PBXNativeTarget section */
		56D965BF275A71F4000E8832 /* Finance Life */ = {
			isa = PBXNativeTarget;
			buildConfigurationList = 56D965D7275A71F6000E8832 /* Build configuration list for PBXNativeTarget "Finance Life" */;
			buildPhases = (
				56D965BC275A71F4000E8832 /* Sources */,
				56D965BD275A71F4000E8832 /* Frameworks */,
				56D965BE275A71F4000E8832 /* Resources */,
			);
			buildRules = (
			);
			dependencies = (
			);
			name = "Finance Life";
			productName = "Finance Life";
			productReference = 56D965C0275A71F4000E8832 /* Finance Life.app */;
			productType = "com.apple.product-type.application";
		};
/* End PBXNativeTarget section */

/* Begin PBXProject section */
		56D965B8275A71F4000E8832 /* Project object */ = {
			isa = PBXProject;
			attributes = {
				BuildIndependentTargetsInParallel = 1;
				LastSwiftUpdateCheck = 1310;
				LastUpgradeCheck = 1310;
				TargetAttributes = {
					56D965BF275A71F4000E8832 = {
						CreatedOnToolsVersion = 13.1;
					};
				};
			};
			buildConfigurationList = 56D965BB275A71F4000E8832 /* Build configuration list for PBXProject "Finance Life" */;
			compatibilityVersion = "Xcode 13.0";
			developmentRegion = en;
			hasScannedForEncodings = 0;
			knownRegions = (
				en,
				Base,
			);
			mainGroup = 56D965B7275A71F4000E8832;
			productRefGroup = 56D965C1275A71F4000E8832 /* Products */;
			projectDirPath = "";
			projectRoot = "";
			targets = (
				56D965BF275A71F4000E8832 /* Finance Life */,
			);
		};
/* End PBXProject section */

/* Begin PBXResourcesBuildPhase section */
		56D965BE275A71F4000E8832 /* Resources */ = {
			isa = PBXResourcesBuildPhase;
			buildActionMask = 2147483647;
			files = (
				56D965DE275A726F000E8832 /* MainPage.storyboard in Resources */,
				5659E64C275BAD2D0033BD42 /* MenuPage.storyboard in Resources */,
				56D965D3275A71F6000E8832 /* LaunchScreen.storyboard in Resources */,
				5659E65B275C0C6C0033BD42 /* AccountsPage.storyboard in Resources */,
				56D965D0275A71F6000E8832 /* Assets.xcassets in Resources */,
				5659E662275C0D0B0033BD42 /* GainsPage.storyboard in Resources */,
				5659E669275C0D9C0033BD42 /* ExpensesPage.storyboard in Resources */,
				5659E62E275B8BEF0033BD42 /* MyCellDate.xib in Resources */,
				5659E653275BFC810033BD42 /* StaticsPage.storyboard in Resources */,
				5659E62A275B89370033BD42 /* MyCellGain.xib in Resources */,
				5655FAD3275FF1EC005C7E76 /* CollectionCellExpense.xib in Resources */,
				5659E621275B7D170033BD42 /* MyCellExpence.xib in Resources */,
				56549CBB27629EFC008DA82B /* TableCellAccounts.xib in Resources */,
				5659E61A275AC9660033BD42 /* MyCellView.xib in Resources */,
				5659E670275D576E0033BD42 /* TableCellGain.xib in Resources */,
			);
			runOnlyForDeploymentPostprocessing = 0;
		};
/* End PBXResourcesBuildPhase section */

/* Begin PBXSourcesBuildPhase section */
		56D965BC275A71F4000E8832 /* Sources */ = {
			isa = PBXSourcesBuildPhase;
			buildActionMask = 2147483647;
			files = (
				5659E664275C0D0B0033BD42 /* GainsPageViewController.swift in Sources */,
				56D965E2275A7374000E8832 /* CoreDataService.swift in Sources */,
				56D965E9275A73D5000E8832 /* View+Extensions.swift in Sources */,
				5659E65D275C0C6C0033BD42 /* AccountsPageViewController.swift in Sources */,
				5659E64E275BAD2D0033BD42 /* MenuPageViewController.swift in Sources */,
				5659E66E275D57610033BD42 /* TableCellGain.swift in Sources */,
				56D965CE275A71F4000E8832 /* Finance_Life.xcdatamodeld in Sources */,
				5659E66A275C0D9C0033BD42 /* ExpensesPagePresenter.swift in Sources */,
				56D965DF275A726F000E8832 /* MainPagePresenter.swift in Sources */,
				5659E619275AC9660033BD42 /* MyCellView.swift in Sources */,
				5659E663275C0D0B0033BD42 /* GainsPagePresenter.swift in Sources */,
				5659E648275B9C430033BD42 /* Expenses.swift in Sources */,
				5659E61F275B7D080033BD42 /* MyCellExpence.swift in Sources */,
				5659E66B275C0D9C0033BD42 /* ExpensesPageViewController.swift in Sources */,
				5655FAD1275FF1D6005C7E76 /* CollectionCellExpense.swift in Sources */,
				56D965C4275A71F4000E8832 /* AppDelegate.swift in Sources */,
				5655FACC275FDC43005C7E76 /* CategoryGain.swift in Sources */,
				5655FACD275FDC43005C7E76 /* CategoryExpense.swift in Sources */,
				56D965E0275A726F000E8832 /* MainPageViewController.swift in Sources */,
				5659E654275BFC810033BD42 /* StaticsPagePresenter.swift in Sources */,
				5659E629275B89370033BD42 /* MyCellGain.swift in Sources */,
				5659E644275B9C430033BD42 /* Gains.swift in Sources */,
				5659E64D275BAD2D0033BD42 /* MenuPagePresenter.swift in Sources */,
				5659E645275B9C430033BD42 /* Accounts.swift in Sources */,
				56D965C6275A71F4000E8832 /* SceneDelegate.swift in Sources */,
				5659E65C275C0C6C0033BD42 /* AccountsPagePresenter.swift in Sources */,
				5659E62C275B8BDA0033BD42 /* MyCellDate.swift in Sources */,
				56549CB927629EEE008DA82B /* TableCellAccounts.swift in Sources */,
				5659E655275BFC810033BD42 /* StaticsPageViewController.swift in Sources */,
			);
			runOnlyForDeploymentPostprocessing = 0;
		};
/* End PBXSourcesBuildPhase section */

/* Begin PBXVariantGroup section */
		56D965D1275A71F6000E8832 /* LaunchScreen.storyboard */ = {
			isa = PBXVariantGroup;
			children = (
				56D965D2275A71F6000E8832 /* Base */,
			);
			name = LaunchScreen.storyboard;
			sourceTree = "<group>";
		};
/* End PBXVariantGroup section */

/* Begin XCBuildConfiguration section */
		56D965D5275A71F6000E8832 /* Debug */ = {
			isa = XCBuildConfiguration;
			buildSettings = {
				ALWAYS_SEARCH_USER_PATHS = NO;
				CLANG_ANALYZER_NONNULL = YES;
				CLANG_ANALYZER_NUMBER_OBJECT_CONVERSION = YES_AGGRESSIVE;
				CLANG_CXX_LANGUAGE_STANDARD = "gnu++17";
				CLANG_CXX_LIBRARY = "libc++";
				CLANG_ENABLE_MODULES = YES;
				CLANG_ENABLE_OBJC_ARC = YES;
				CLANG_ENABLE_OBJC_WEAK = YES;
				CLANG_WARN_BLOCK_CAPTURE_AUTORELEASING = YES;
				CLANG_WARN_BOOL_CONVERSION = YES;
				CLANG_WARN_COMMA = YES;
				CLANG_WARN_CONSTANT_CONVERSION = YES;
				CLANG_WARN_DEPRECATED_OBJC_IMPLEMENTATIONS = YES;
				CLANG_WARN_DIRECT_OBJC_ISA_USAGE = YES_ERROR;
				CLANG_WARN_DOCUMENTATION_COMMENTS = YES;
				CLANG_WARN_EMPTY_BODY = YES;
				CLANG_WARN_ENUM_CONVERSION = YES;
				CLANG_WARN_INFINITE_RECURSION = YES;
				CLANG_WARN_INT_CONVERSION = YES;
				CLANG_WARN_NON_LITERAL_NULL_CONVERSION = YES;
				CLANG_WARN_OBJC_IMPLICIT_RETAIN_SELF = YES;
				CLANG_WARN_OBJC_LITERAL_CONVERSION = YES;
				CLANG_WARN_OBJC_ROOT_CLASS = YES_ERROR;
				CLANG_WARN_QUOTED_INCLUDE_IN_FRAMEWORK_HEADER = YES;
				CLANG_WARN_RANGE_LOOP_ANALYSIS = YES;
				CLANG_WARN_STRICT_PROTOTYPES = YES;
				CLANG_WARN_SUSPICIOUS_MOVE = YES;
				CLANG_WARN_UNGUARDED_AVAILABILITY = YES_AGGRESSIVE;
				CLANG_WARN_UNREACHABLE_CODE = YES;
				CLANG_WARN__DUPLICATE_METHOD_MATCH = YES;
				COPY_PHASE_STRIP = NO;
				DEBUG_INFORMATION_FORMAT = dwarf;
				ENABLE_STRICT_OBJC_MSGSEND = YES;
				ENABLE_TESTABILITY = YES;
				GCC_C_LANGUAGE_STANDARD = gnu11;
				GCC_DYNAMIC_NO_PIC = NO;
				GCC_NO_COMMON_BLOCKS = YES;
				GCC_OPTIMIZATION_LEVEL = 0;
				GCC_PREPROCESSOR_DEFINITIONS = (
					"DEBUG=1",
					"$(inherited)",
				);
				GCC_WARN_64_TO_32_BIT_CONVERSION = YES;
				GCC_WARN_ABOUT_RETURN_TYPE = YES_ERROR;
				GCC_WARN_UNDECLARED_SELECTOR = YES;
				GCC_WARN_UNINITIALIZED_AUTOS = YES_AGGRESSIVE;
				GCC_WARN_UNUSED_FUNCTION = YES;
				GCC_WARN_UNUSED_VARIABLE = YES;
				IPHONEOS_DEPLOYMENT_TARGET = 15.0;
				MTL_ENABLE_DEBUG_INFO = INCLUDE_SOURCE;
				MTL_FAST_MATH = YES;
				ONLY_ACTIVE_ARCH = YES;
				SDKROOT = iphoneos;
				SWIFT_ACTIVE_COMPILATION_CONDITIONS = DEBUG;
				SWIFT_OPTIMIZATION_LEVEL = "-Onone";
			};
			name = Debug;
		};
		56D965D6275A71F6000E8832 /* Release */ = {
			isa = XCBuildConfiguration;
			buildSettings = {
				ALWAYS_SEARCH_USER_PATHS = NO;
				CLANG_ANALYZER_NONNULL = YES;
				CLANG_ANALYZER_NUMBER_OBJECT_CONVERSION = YES_AGGRESSIVE;
				CLANG_CXX_LANGUAGE_STANDARD = "gnu++17";
				CLANG_CXX_LIBRARY = "libc++";
				CLANG_ENABLE_MODULES = YES;
				CLANG_ENABLE_OBJC_ARC = YES;
				CLANG_ENABLE_OBJC_WEAK = YES;
				CLANG_WARN_BLOCK_CAPTURE_AUTORELEASING = YES;
				CLANG_WARN_BOOL_CONVERSION = YES;
				CLANG_WARN_COMMA = YES;
				CLANG_WARN_CONSTANT_CONVERSION = YES;
				CLANG_WARN_DEPRECATED_OBJC_IMPLEMENTATIONS = YES;
				CLANG_WARN_DIRECT_OBJC_ISA_USAGE = YES_ERROR;
				CLANG_WARN_DOCUMENTATION_COMMENTS = YES;
				CLANG_WARN_EMPTY_BODY = YES;
				CLANG_WARN_ENUM_CONVERSION = YES;
				CLANG_WARN_INFINITE_RECURSION = YES;
				CLANG_WARN_INT_CONVERSION = YES;
				CLANG_WARN_NON_LITERAL_NULL_CONVERSION = YES;
				CLANG_WARN_OBJC_IMPLICIT_RETAIN_SELF = YES;
				CLANG_WARN_OBJC_LITERAL_CONVERSION = YES;
				CLANG_WARN_OBJC_ROOT_CLASS = YES_ERROR;
				CLANG_WARN_QUOTED_INCLUDE_IN_FRAMEWORK_HEADER = YES;
				CLANG_WARN_RANGE_LOOP_ANALYSIS = YES;
				CLANG_WARN_STRICT_PROTOTYPES = YES;
				CLANG_WARN_SUSPICIOUS_MOVE = YES;
				CLANG_WARN_UNGUARDED_AVAILABILITY = YES_AGGRESSIVE;
				CLANG_WARN_UNREACHABLE_CODE = YES;
				CLANG_WARN__DUPLICATE_METHOD_MATCH = YES;
				COPY_PHASE_STRIP = NO;
				DEBUG_INFORMATION_FORMAT = "dwarf-with-dsym";
				ENABLE_NS_ASSERTIONS = NO;
				ENABLE_STRICT_OBJC_MSGSEND = YES;
				GCC_C_LANGUAGE_STANDARD = gnu11;
				GCC_NO_COMMON_BLOCKS = YES;
				GCC_WARN_64_TO_32_BIT_CONVERSION = YES;
				GCC_WARN_ABOUT_RETURN_TYPE = YES_ERROR;
				GCC_WARN_UNDECLARED_SELECTOR = YES;
				GCC_WARN_UNINITIALIZED_AUTOS = YES_AGGRESSIVE;
				GCC_WARN_UNUSED_FUNCTION = YES;
				GCC_WARN_UNUSED_VARIABLE = YES;
				IPHONEOS_DEPLOYMENT_TARGET = 15.0;
				MTL_ENABLE_DEBUG_INFO = NO;
				MTL_FAST_MATH = YES;
				SDKROOT = iphoneos;
				SWIFT_COMPILATION_MODE = wholemodule;
				SWIFT_OPTIMIZATION_LEVEL = "-O";
				VALIDATE_PRODUCT = YES;
			};
			name = Release;
		};
		56D965D8275A71F6000E8832 /* Debug */ = {
			isa = XCBuildConfiguration;
			buildSettings = {
				ASSETCATALOG_COMPILER_APPICON_NAME = AppIcon;
				ASSETCATALOG_COMPILER_GLOBAL_ACCENT_COLOR_NAME = AccentColor;
				CODE_SIGN_STYLE = Automatic;
				CURRENT_PROJECT_VERSION = 1;
				DEVELOPMENT_TEAM = G26C85CTJ9;
				GENERATE_INFOPLIST_FILE = YES;
				INFOPLIST_FILE = "Finance Life/Info.plist";
				INFOPLIST_KEY_UIApplicationSupportsIndirectInputEvents = YES;
				INFOPLIST_KEY_UILaunchStoryboardName = LaunchScreen;
				INFOPLIST_KEY_UIMainStoryboardFile = MainPage;
				INFOPLIST_KEY_UISupportedInterfaceOrientations_iPad = "UIInterfaceOrientationPortrait UIInterfaceOrientationPortraitUpsideDown UIInterfaceOrientationLandscapeLeft UIInterfaceOrientationLandscapeRight";
				INFOPLIST_KEY_UISupportedInterfaceOrientations_iPhone = "UIInterfaceOrientationPortrait UIInterfaceOrientationLandscapeLeft UIInterfaceOrientationLandscapeRight";
				LD_RUNPATH_SEARCH_PATHS = (
					"$(inherited)",
					"@executable_path/Frameworks",
				);
				MARKETING_VERSION = 1.0;
				PRODUCT_BUNDLE_IDENTIFIER = "none.Finance-Life";
				PRODUCT_NAME = "$(TARGET_NAME)";
				SWIFT_EMIT_LOC_STRINGS = YES;
				SWIFT_VERSION = 5.0;
				TARGETED_DEVICE_FAMILY = "1,2";
			};
			name = Debug;
		};
		56D965D9275A71F6000E8832 /* Release */ = {
			isa = XCBuildConfiguration;
			buildSettings = {
				ASSETCATALOG_COMPILER_APPICON_NAME = AppIcon;
				ASSETCATALOG_COMPILER_GLOBAL_ACCENT_COLOR_NAME = AccentColor;
				CODE_SIGN_STYLE = Automatic;
				CURRENT_PROJECT_VERSION = 1;
				DEVELOPMENT_TEAM = G26C85CTJ9;
				GENERATE_INFOPLIST_FILE = YES;
				INFOPLIST_FILE = "Finance Life/Info.plist";
				INFOPLIST_KEY_UIApplicationSupportsIndirectInputEvents = YES;
				INFOPLIST_KEY_UILaunchStoryboardName = LaunchScreen;
				INFOPLIST_KEY_UIMainStoryboardFile = MainPage;
				INFOPLIST_KEY_UISupportedInterfaceOrientations_iPad = "UIInterfaceOrientationPortrait UIInterfaceOrientationPortraitUpsideDown UIInterfaceOrientationLandscapeLeft UIInterfaceOrientationLandscapeRight";
				INFOPLIST_KEY_UISupportedInterfaceOrientations_iPhone = "UIInterfaceOrientationPortrait UIInterfaceOrientationLandscapeLeft UIInterfaceOrientationLandscapeRight";
				LD_RUNPATH_SEARCH_PATHS = (
					"$(inherited)",
					"@executable_path/Frameworks",
				);
				MARKETING_VERSION = 1.0;
				PRODUCT_BUNDLE_IDENTIFIER = "none.Finance-Life";
				PRODUCT_NAME = "$(TARGET_NAME)";
				SWIFT_EMIT_LOC_STRINGS = YES;
				SWIFT_VERSION = 5.0;
				TARGETED_DEVICE_FAMILY = "1,2";
			};
			name = Release;
		};
/* End XCBuildConfiguration section */

/* Begin XCConfigurationList section */
		56D965BB275A71F4000E8832 /* Build configuration list for PBXProject "Finance Life" */ = {
			isa = XCConfigurationList;
			buildConfigurations = (
				56D965D5275A71F6000E8832 /* Debug */,
				56D965D6275A71F6000E8832 /* Release */,
			);
			defaultConfigurationIsVisible = 0;
			defaultConfigurationName = Release;
		};
		56D965D7275A71F6000E8832 /* Build configuration list for PBXNativeTarget "Finance Life" */ = {
			isa = XCConfigurationList;
			buildConfigurations = (
				56D965D8275A71F6000E8832 /* Debug */,
				56D965D9275A71F6000E8832 /* Release */,
			);
			defaultConfigurationIsVisible = 0;
			defaultConfigurationName = Release;
		};
/* End XCConfigurationList section */

/* Begin XCVersionGroup section */
		56D965CC275A71F4000E8832 /* Finance_Life.xcdatamodeld */ = {
			isa = XCVersionGroup;
			children = (
				56D965CD275A71F4000E8832 /* Finance_Life.xcdatamodel */,
			);
			currentVersion = 56D965CD275A71F4000E8832 /* Finance_Life.xcdatamodel */;
			path = Finance_Life.xcdatamodeld;
			sourceTree = "<group>";
			versionGroupType = wrapper.xcdatamodel;
		};
/* End XCVersionGroup section */
	};
	rootObject = 56D965B8275A71F4000E8832 /* Project object */;
}
